<?xml version="1.0" encoding="utf-8"?>
<Project ToolsVersion="4.0" xmlns="http://schemas.microsoft.com/developer/msbuild/2003">
  <ItemGroup>
    <Filter Include="Source Files">
      <UniqueIdentifier>{4FC737F1-C7A5-4376-A066-2A32D752A2FF}</UniqueIdentifier>
      <Extensions>cpp;c;cc;cxx;def;odl;idl;hpj;bat;asm;asmx</Extensions>
    </Filter>
    <Filter Include="Header Files">
      <UniqueIdentifier>{93995380-89BD-4b04-88EB-625FBE52EBFB}</UniqueIdentifier>
      <Extensions>h;hh;hpp;hxx;hm;inl;inc;xsd</Extensions>
    </Filter>
    <Filter Include="Resource Files">
      <UniqueIdentifier>{67DA6AB6-F800-4c08-8B7A-83BB121AAD01}</UniqueIdentifier>
      <Extensions>rc;ico;cur;bmp;dlg;rc2;rct;bin;rgs;gif;jpg;jpeg;jpe;resx;tiff;tif;png;wav;mfcribbon-ms</Extensions>
    </Filter>
    <Filter Include="Resource Files\bakery">
      <UniqueIdentifier>{5fa04518-4048-4f89-ab38-9c4aa0216104}</UniqueIdentifier>
    </Filter>
    <Filter Include="Resource Files\sounds">
      <UniqueIdentifier>{c29ef807-2cd5-4b0a-af7c-950ecd67d276}</UniqueIdentifier>
    </Filter>
  </ItemGroup>
  <ItemGroup>
    <ClInclude Include="..\..\..\inc\App.h">
      <Filter>Header Files</Filter>
    </ClInclude>
    <ClInclude Include="..\..\..\inc\Assets.h">
      <Filter>Header Files</Filter>
    </ClInclude>
    <ClInclude Include="..\..\..\inc\Board.h">
      <Filter>Header Files</Filter>
    </ClInclude>
    <ClInclude Include="..\..\..\inc\Button.h">
      <Filter>Header Files</Filter>
    </ClInclude>
    <ClInclude Include="..\..\..\inc\CAnimation.h">
      <Filter>Header Files</Filter>
    </ClInclude>
    <ClInclude Include="..\..\..\inc\CCamera.h">
      <Filter>Header Files</Filter>
    </ClInclude>
    <ClInclude Include="..\..\..\inc\CommonTypes.h">
      <Filter>Header Files</Filter>
    </ClInclude>
    <ClInclude Include="..\..\..\inc\CTile.h">
      <Filter>Header Files</Filter>
    </ClInclude>
    <ClInclude Include="..\..\..\inc\Define.h">
      <Filter>Header Files</Filter>
    </ClInclude>
    <ClInclude Include="..\..\..\inc\Entity.h">
      <Filter>Header Files</Filter>
    </ClInclude>
    <ClInclude Include="..\..\..\inc\Event.h">
      <Filter>Header Files</Filter>
    </ClInclude>
    <ClInclude Include="..\..\..\inc\Grid.h">
      <Filter>Header Files</Filter>
    </ClInclude>
    <ClInclude Include="..\..\..\inc\IThread.h">
      <Filter>Header Files</Filter>
    </ClInclude>
    <ClInclude Include="..\..\..\inc\IUiComponent.h">
      <Filter>Header Files</Filter>
    </ClInclude>
    <ClInclude Include="..\..\..\inc\Sounds.h">
      <Filter>Header Files</Filter>
    </ClInclude>
    <ClInclude Include="..\..\..\inc\Surface.h">
      <Filter>Header Files</Filter>
    </ClInclude>
    <ClInclude Include="..\..\..\inc\Text.h">
      <Filter>Header Files</Filter>
    </ClInclude>
  </ItemGroup>
  <ItemGroup>
    <ClCompile Include="..\..\..\src\App.cpp">
      <Filter>Source Files</Filter>
    </ClCompile>
    <ClCompile Include="..\..\..\src\Assets.cpp">
      <Filter>Source Files</Filter>
    </ClCompile>
    <ClCompile Include="..\..\..\src\Board.cpp">
      <Filter>Source Files</Filter>
    </ClCompile>
    <ClCompile Include="..\..\..\src\Button.cpp">
      <Filter>Source Files</Filter>
    </ClCompile>
    <ClCompile Include="..\..\..\src\CAnimation.cpp">
      <Filter>Source Files</Filter>
    </ClCompile>
    <ClCompile Include="..\..\..\src\CCamera.cpp">
      <Filter>Source Files</Filter>
    </ClCompile>
    <ClCompile Include="..\..\..\src\CTile.cpp">
      <Filter>Source Files</Filter>
    </ClCompile>
    <ClCompile Include="..\..\..\src\Entity.cpp">
      <Filter>Source Files</Filter>
    </ClCompile>
    <ClCompile Include="..\..\..\src\Event.cpp">
      <Filter>Source Files</Filter>
    </ClCompile>
    <ClCompile Include="..\..\..\src\Grid.cpp">
      <Filter>Source Files</Filter>
    </ClCompile>
    <ClCompile Include="..\..\..\src\IThread.cpp">
      <Filter>Source Files</Filter>
    </ClCompile>
    <ClCompile Include="..\..\..\src\main.cpp">
      <Filter>Source Files</Filter>
    </ClCompile>
    <ClCompile Include="..\..\..\src\Sounds.cpp">
      <Filter>Source Files</Filter>
    </ClCompile>
    <ClCompile Include="..\..\..\src\Surface.cpp">
      <Filter>Source Files</Filter>
    </ClCompile>
    <ClCompile Include="..\..\..\src\Text.cpp">
      <Filter>Source Files</Filter>
    </ClCompile>
  </ItemGroup>
  <ItemGroup>
    <None Include="..\..\..\assets\assets.json">
      <Filter>Resource Files</Filter>
    </None>
  </ItemGroup>
  <ItemGroup>
    <Font Include="..\..\..\assets\Ubuntu-C.ttf">
      <Filter>Resource Files</Filter>
    </Font>
  </ItemGroup>
  <ItemGroup>
    <Image Include="..\..\..\assets\bakery\bg_ipad_landscape.png">
      <Filter>Resource Files\bakery</Filter>
    </Image>
    <Image Include="..\..\..\assets\bakery\button.png">
      <Filter>Resource Files\bakery</Filter>
    </Image>
    <Image Include="..\..\..\assets\bakery\GameTileBG_01.png">
      <Filter>Resource Files\bakery</Filter>
    </Image>
    <Image Include="..\..\..\assets\bakery\GameTileBG_highlight.png">
      <Filter>Resource Files\bakery</Filter>
    </Image>
    <Image Include="..\..\..\assets\bakery\overlay_gameover_ipad.png">
      <Filter>Resource Files\bakery</Filter>
    </Image>
    <Image Include="..\..\..\assets\bakery\overlay_levelcomplete_ipad.png">
      <Filter>Resource Files\bakery</Filter>
    </Image>
    <Image Include="..\..\..\assets\bakery\pastry_cookie01.png">
      <Filter>Resource Files\bakery</Filter>
    </Image>
    <Image Include="..\..\..\assets\bakery\pastry_cookie02.png">
      <Filter>Resource Files\bakery</Filter>
    </Image>
    <Image Include="..\..\..\assets\bakery\pastry_croissant.png">
      <Filter>Resource Files\bakery</Filter>
    </Image>
    <Image Include="..\..\..\assets\bakery\pastry_cupcake.png">
      <Filter>Resource Files\bakery</Filter>
    </Image>
    <Image Include="..\..\..\assets\bakery\pastry_donut.png">
      <Filter>Resource Files\bakery</Filter>
    </Image>
    <Image Include="..\..\..\assets\bakery\pastry_eclair.png">
      <Filter>Resource Files\bakery</Filter>
    </Image>
    <Image Include="..\..\..\assets\bakery\pastry_macaroon.png">
      <Filter>Resource Files\bakery</Filter>
    </Image>
    <Image Include="..\..\..\assets\bakery\pastry_pie.png">
      <Filter>Resource Files\bakery</Filter>
    </Image>
    <Image Include="..\..\..\assets\bakery\pastry_poptart01.png">
      <Filter>Resource Files\bakery</Filter>
    </Image>
    <Image Include="..\..\..\assets\bakery\pastry_poptart02.png">
      <Filter>Resource Files\bakery</Filter>
    </Image>
    <Image Include="..\..\..\assets\bakery\pastry_starcookie01.png">
      <Filter>Resource Files\bakery</Filter>
    </Image>
    <Image Include="..\..\..\assets\bakery\pastry_starcookie02.png">
      <Filter>Resource Files\bakery</Filter>
    </Image>
    <Image Include="..\..\..\assets\bakery\yoshi.png">
      <Filter>Resource Files\bakery</Filter>
    </Image>
  </ItemGroup>
  <ItemGroup>
    <Media Include="..\..\..\assets\sounds\Chomp.wav">
      <Filter>Resource Files\sounds</Filter>
    </Media>
    <Media Include="..\..\..\assets\sounds\Drip.wav">
      <Filter>Resource Files\sounds</Filter>
    </Media>
    <Media Include="..\..\..\assets\sounds\Error.wav">
      <Filter>Resource Files\sounds</Filter>
    </Media>
    <Media Include="..\..\..\assets\sounds\Ka-Ching.wav">
      <Filter>Resource Files\sounds</Filter>
    </Media>
    <Media Include="..\..\..\assets\sounds\Mining by Moonlight.wav">
      <Filter>Resource Files\sounds</Filter>
    </Media>
    <Media Include="..\..\..\assets\sounds\Scrape.wav">
      <Filter>Resource Files\sounds</Filter>
    </Media>
  </ItemGroup>
</Project>